
Microsoft Visual Studio Solution File, Format Version 12.00
Project("{FAE04EC0-301F-11D3-BF4B-00C04F79EFBC}") = "MedievalIO.Engine", "MedievalIO.Engine\MedievalIO.Engine.csproj", "{9914F613-A8A4-4051-8FBD-2B75614D260F}"
EndProject
Project("{2150E333-8FDC-42A3-9474-1A3956D46DE8}") = "Core", "Core", "{00EDAD7D-8D9A-4D59-A85E-25F43231BADF}"
EndProject
Project("{2150E333-8FDC-42A3-9474-1A3956D46DE8}") = "Infrastructure", "Infrastructure", "{79EB2E6A-63E3-407C-BF1E-91FA52A6D8D5}"
EndProject
Project("{FAE04EC0-301F-11D3-BF4B-00C04F79EFBC}") = "MedievalIO.Map.Engine", "MedievalIO.Map.Engine\MedievalIO.Map.Engine.csproj", "{360F8E17-D2AB-46FB-9693-7570818A7FD2}"
EndProject
Project("{FAE04EC0-301F-11D3-BF4B-00C04F79EFBC}") = "MedievalIO.Battle.Engine", "MedievalIO.Battle.Engine\MedievalIO.Battle.Engine.csproj", "{0061581E-7457-4565-BD5A-A777A959329F}"
EndProject
Project("{2150E333-8FDC-42A3-9474-1A3956D46DE8}") = "Test", "Test", "{BBAE14BE-4D15-4236-BF44-3CDC559AB952}"
EndProject
Project("{FAE04EC0-301F-11D3-BF4B-00C04F79EFBC}") = "MedievalIO.Battle.Engine.Test", "MedievalIO.Battle.Engine.Test\MedievalIO.Battle.Engine.Test.csproj", "{EAF4786D-44DF-413C-8CF2-A1ABEC7209D3}"
EndProject
Project("{FAE04EC0-301F-11D3-BF4B-00C04F79EFBC}") = "MedievalIO.Map.Engine.Test", "MedievalIO.Map.Engine.Test\MedievalIO.Map.Engine.Test.csproj", "{1F3822EC-FED8-4DB8-A168-4575C39F5328}"
EndProject
Project("{FAE04EC0-301F-11D3-BF4B-00C04F79EFBC}") = "MedievalIO.Engine.Test", "MedievalIO.Engine.Test\MedievalIO.Engine.Test.csproj", "{9AF920FD-0067-4416-9614-5E8D19766BCE}"
EndProject
Global
	GlobalSection(SolutionConfigurationPlatforms) = preSolution
		Debug|Any CPU = Debug|Any CPU
		Release|Any CPU = Release|Any CPU
	EndGlobalSection
	GlobalSection(ProjectConfigurationPlatforms) = postSolution
		{9914F613-A8A4-4051-8FBD-2B75614D260F}.Debug|Any CPU.ActiveCfg = Debug|Any CPU
		{9914F613-A8A4-4051-8FBD-2B75614D260F}.Debug|Any CPU.Build.0 = Debug|Any CPU
		{9914F613-A8A4-4051-8FBD-2B75614D260F}.Release|Any CPU.ActiveCfg = Release|Any CPU
		{9914F613-A8A4-4051-8FBD-2B75614D260F}.Release|Any CPU.Build.0 = Release|Any CPU
		{360F8E17-D2AB-46FB-9693-7570818A7FD2}.Debug|Any CPU.ActiveCfg = Debug|Any CPU
		{360F8E17-D2AB-46FB-9693-7570818A7FD2}.Debug|Any CPU.Build.0 = Debug|Any CPU
		{360F8E17-D2AB-46FB-9693-7570818A7FD2}.Release|Any CPU.ActiveCfg = Release|Any CPU
		{360F8E17-D2AB-46FB-9693-7570818A7FD2}.Release|Any CPU.Build.0 = Release|Any CPU
		{0061581E-7457-4565-BD5A-A777A959329F}.Debug|Any CPU.ActiveCfg = Debug|Any CPU
		{0061581E-7457-4565-BD5A-A777A959329F}.Debug|Any CPU.Build.0 = Debug|Any CPU
		{0061581E-7457-4565-BD5A-A777A959329F}.Release|Any CPU.ActiveCfg = Release|Any CPU
		{0061581E-7457-4565-BD5A-A777A959329F}.Release|Any CPU.Build.0 = Release|Any CPU
		{EAF4786D-44DF-413C-8CF2-A1ABEC7209D3}.Debug|Any CPU.ActiveCfg = Debug|Any CPU
		{EAF4786D-44DF-413C-8CF2-A1ABEC7209D3}.Debug|Any CPU.Build.0 = Debug|Any CPU
		{EAF4786D-44DF-413C-8CF2-A1ABEC7209D3}.Release|Any CPU.ActiveCfg = Release|Any CPU
		{EAF4786D-44DF-413C-8CF2-A1ABEC7209D3}.Release|Any CPU.Build.0 = Release|Any CPU
		{1F3822EC-FED8-4DB8-A168-4575C39F5328}.Debug|Any CPU.ActiveCfg = Debug|Any CPU
		{1F3822EC-FED8-4DB8-A168-4575C39F5328}.Debug|Any CPU.Build.0 = Debug|Any CPU
		{1F3822EC-FED8-4DB8-A168-4575C39F5328}.Release|Any CPU.ActiveCfg = Release|Any CPU
		{1F3822EC-FED8-4DB8-A168-4575C39F5328}.Release|Any CPU.Build.0 = Release|Any CPU
		{9AF920FD-0067-4416-9614-5E8D19766BCE}.Debug|Any CPU.ActiveCfg = Debug|Any CPU
		{9AF920FD-0067-4416-9614-5E8D19766BCE}.Debug|Any CPU.Build.0 = Debug|Any CPU
		{9AF920FD-0067-4416-9614-5E8D19766BCE}.Release|Any CPU.ActiveCfg = Release|Any CPU
		{9AF920FD-0067-4416-9614-5E8D19766BCE}.Release|Any CPU.Build.0 = Release|Any CPU
	EndGlobalSection
	GlobalSection(NestedProjects) = preSolution
		{9914F613-A8A4-4051-8FBD-2B75614D260F} = {00EDAD7D-8D9A-4D59-A85E-25F43231BADF}
		{360F8E17-D2AB-46FB-9693-7570818A7FD2} = {00EDAD7D-8D9A-4D59-A85E-25F43231BADF}
		{0061581E-7457-4565-BD5A-A777A959329F} = {00EDAD7D-8D9A-4D59-A85E-25F43231BADF}
		{EAF4786D-44DF-413C-8CF2-A1ABEC7209D3} = {BBAE14BE-4D15-4236-BF44-3CDC559AB952}
		{1F3822EC-FED8-4DB8-A168-4575C39F5328} = {BBAE14BE-4D15-4236-BF44-3CDC559AB952}
		{9AF920FD-0067-4416-9614-5E8D19766BCE} = {BBAE14BE-4D15-4236-BF44-3CDC559AB952}
	EndGlobalSection
EndGlobal
